
Microsoft Visual Studio Solution File, Format Version 11.00
# Visual Studio 2010
Project("{FAE04EC0-301F-11D3-BF4B-00C04F79EFBC}") = "Recipes", "Recipes\Recipes.csproj", "{1C60D8CC-FDCE-4D50-B9E6-7428F085C9FF}"
EndProject
Project("{2150E333-8FDC-42A3-9474-1A3956D46DE8}") = ".nuget", ".nuget", "{3003D70E-75C1-4F09-9CBB-5201D930DB04}"
EndProject
Project("{FAE04EC0-301F-11D3-BF4B-00C04F79EFBC}") = "Recipes.UnitTests", "Recipes.UnitTests\Recipes.UnitTests.csproj", "{44ED8FED-962D-4C81-BE87-CD3EC138E370}"
EndProject
Global
	GlobalSection(SolutionConfigurationPlatforms) = preSolution
		Debug|Any CPU = Debug|Any CPU
		Release|Any CPU = Release|Any CPU
	EndGlobalSection
	GlobalSection(ProjectConfigurationPlatforms) = postSolution
		{1C60D8CC-FDCE-4D50-B9E6-7428F085C9FF}.Debug|Any CPU.ActiveCfg = Debug|Any CPU
		{1C60D8CC-FDCE-4D50-B9E6-7428F085C9FF}.Debug|Any CPU.Build.0 = Debug|Any CPU
		{1C60D8CC-FDCE-4D50-B9E6-7428F085C9FF}.Release|Any CPU.ActiveCfg = Release|Any CPU
		{1C60D8CC-FDCE-4D50-B9E6-7428F085C9FF}.Release|Any CPU.Build.0 = Release|Any CPU
		{44ED8FED-962D-4C81-BE87-CD3EC138E370}.Debug|Any CPU.ActiveCfg = Debug|Any CPU
		{44ED8FED-962D-4C81-BE87-CD3EC138E370}.Debug|Any CPU.Build.0 = Debug|Any CPU
		{44ED8FED-962D-4C81-BE87-CD3EC138E370}.Release|Any CPU.ActiveCfg = Release|Any CPU
		{44ED8FED-962D-4C81-BE87-CD3EC138E370}.Release|Any CPU.Build.0 = Release|Any CPU
	EndGlobalSection
	GlobalSection(SolutionProperties) = preSolution
		HideSolutionNode = FALSE
	EndGlobalSection
EndGlobal
